
Microsoft Visual Studio Solution File, Format Version 12.00
# Visual Studio Version 17
VisualStudioVersion = 17.14.36414.22 d17.14
MinimumVisualStudioVersion = 10.0.40219.1
Project("{FAE04EC0-301F-11D3-BF4B-00C04F79EFBC}") = "BankingApplication", "BankingApplication.csproj", "{3118E69D-A1B5-49FB-A385-414CA1D2567E}"
EndProject
Global
	GlobalSection(SolutionConfigurationPlatforms) = preSolution
		Debug|Any CPU = Debug|Any CPU
		Release|Any CPU = Release|Any CPU
	EndGlobalSection
	GlobalSection(ProjectConfigurationPlatforms) = postSolution
		{3118E69D-A1B5-49FB-A385-414CA1D2567E}.Debug|Any CPU.ActiveCfg = Debug|Any CPU
		{3118E69D-A1B5-49FB-A385-414CA1D2567E}.Debug|Any CPU.Build.0 = Debug|Any CPU
		{3118E69D-A1B5-49FB-A385-414CA1D2567E}.Release|Any CPU.ActiveCfg = Release|Any CPU
		{3118E69D-A1B5-49FB-A385-414CA1D2567E}.Release|Any CPU.Build.0 = Release|Any CPU
	EndGlobalSection
	GlobalSection(SolutionProperties) = preSolution
		HideSolutionNode = FALSE
	EndGlobalSection
	GlobalSection(ExtensibilityGlobals) = postSolution
		SolutionGuid = {9E73C75C-16B2-441E-8488-67AE76F345EC}
	EndGlobalSection
EndGlobal
